{
  "version": 4,
  "terraform_version": "1.1.3",
  "serial": 99,
  "lineage": "978bf968-12c5-bd48-fada-9ce00f9122b9",
  "outputs": {},
  "resources": [
    {
      "module": "module.acg",
      "mode": "managed",
      "type": "ncloud_access_control_group",
      "name": "lg_acg",
      "provider": "provider[\"registry.terraform.io/navercloudplatform/ncloud\"]",
      "instances": [
        {
          "schema_version": 0,
          "attributes": {
            "access_control_group_no": "35964",
            "description": "",
            "id": "35964",
            "is_default": false,
            "name": "stg-vpc-acg",
            "vpc_no": "16818"
          },
          "sensitive_attributes": [],
          "private": "bnVsbA==",
          "dependencies": [
            "module.vpc.ncloud_vpc.lg_vpc"
          ]
        }
      ]
    },
    {
      "module": "module.acg",
      "mode": "managed",
      "type": "ncloud_access_control_group_rule",
      "name": "lg_acg_rule",
      "provider": "provider[\"registry.terraform.io/navercloudplatform/ncloud\"]",
      "instances": [
        {
          "schema_version": 0,
          "attributes": {
            "access_control_group_no": "35964",
            "id": "35964",
            "inbound": [
              {
                "description": "ICMP Allow ALL",
                "ip_block": "0.0.0.0/0",
                "port_range": "",
                "protocol": "ICMP",
                "source_access_control_group_no": ""
              },
              {
                "description": "accept 80 port",
                "ip_block": "0.0.0.0/0",
                "port_range": "80",
                "protocol": "TCP",
                "source_access_control_group_no": ""
              },
              {
                "description": "accept 80 port",
                "ip_block": "27.122.140.10/32",
                "port_range": "22",
                "protocol": "TCP",
                "source_access_control_group_no": ""
              }
            ],
            "outbound": [
              {
                "description": "ICMP Allow ALL",
                "ip_block": "0.0.0.0/0",
                "port_range": "",
                "protocol": "ICMP",
                "source_access_control_group_no": ""
              },
              {
                "description": "accept 1-65535 port",
                "ip_block": "0.0.0.0/0",
                "port_range": "1-65535",
                "protocol": "TCP",
                "source_access_control_group_no": ""
              },
              {
                "description": "accept 1-65535 port",
                "ip_block": "0.0.0.0/0",
                "port_range": "1-65535",
                "protocol": "UDP",
                "source_access_control_group_no": ""
              }
            ],
            "timeouts": null
          },
          "sensitive_attributes": [],
          "private": "eyJlMmJmYjczMC1lY2FhLTExZTYtOGY4OC0zNDM2M2JjN2M0YzAiOnsiY3JlYXRlIjozNjAwMDAwMDAwMDAwLCJkZWxldGUiOjMwMDAwMDAwMDAwMCwidXBkYXRlIjo2MDAwMDAwMDAwMDB9fQ==",
          "dependencies": [
            "module.acg.ncloud_access_control_group.lg_acg",
            "module.vpc.ncloud_vpc.lg_vpc"
          ]
        }
      ]
    },
    {
      "module": "module.server",
      "mode": "managed",
      "type": "ncloud_login_key",
      "name": "lg_loginkey",
      "provider": "provider[\"registry.terraform.io/navercloudplatform/ncloud\"]",
      "instances": [
        {
          "schema_version": 0,
          "attributes": {
            "fingerprint": "97:3e:e5:93:1a:78:7d:2e:6f:e4:60:d5:b6:15:03:8e",
            "id": "loginkey",
            "key_name": "loginkey",
            "private_key": "-----BEGIN RSA PRIVATE KEY-----\nMIIEowIBAAKCAQEAhzB3tsCxcvY8B5UC5ay5dsM4Dyr4mBv9Rtm8e1Bqwak+MhZZ\n2abMbKVkHpI/VGDTwMlulflP1UwASK24JmpnT/W0E3SnVlP+d1KFEEQwXRwQa+hS\n7DU7vsSMONyLTMurZkYb7YlgcLoCFR0kOwsFZJxnnSaAO3V+9Ywvi6IX4sciWNgJ\nGCuSgpLScjV52uBTLpMG1gmeXLe8N/1FkXA81M/19YCUY/gdpyDrT00sUdi8YSPX\npFTxrJW8H/Lt/7hRZTslyffw5G/eLaew003tGE/IhYfcHN4KmazKkW98eh/p6vJK\nwKEOC4iE9CMIjf/0Pm5/DRPAg8MYQ+/L6UxnvQIDAQABAoIBAARedp/7XkC+4HXG\nRQ+zI1NJP9iNpPcVgHv3sXWyxaB4nb/0pPa5w0WHmtK6Gz3Y2z8Rw3cpVYEpMaEn\nrBnhunEFGcq/LGFH2aN1kUNTUNTRgV5bZcKofcPOilGUHxReSK3HekOU+v7ppAOW\nq4MU+hmkTFzxz5ccVvwMicTTej4j8T5WKAPVWBZLcIWkyGL7cxWvwfxBLO1fOPRV\n/tCNIqIX7YeMuQlsMeh286UXKLiE53EWCncL5MOdR36o5ybN27ISivEkowFf8rYj\ni6ZHTFf4Z/+IpCs8G5+9jM4N7435tmEzNAY2JIuvht8g1WRBhiNapwOFpXbdb4DT\nv/OJRUECgYEA1bDm4vLA/Mqz0kr1CXffn98ZOPKzeXwAieHXfT/cFbgqjCUfBQBh\n7gRWVzhBN4xRzos4s5zcxV3lkr+m6sEBzMP87nmJOxHjXKhis9nPT98MFy0hgMKE\ncuN74WnY0qm+lSczZrj/Y19MmtBrh/XnqisoqfGZk444vw4wy8gVJ+UCgYEAofSl\nM3FmPkDAcWW0OkQUg8rm3hU8YIVSHGRLmKFbr02mqueOsbK6SS4rgIESgYBvfDhe\nQxT2n+rYZdFhyra8BIRyjO1e+rdb6AG7tPVFP0a2CdQXlhwwopuzJC+31CD3ph6w\nevHa3fEe1ripqRMHUfJNCkS8DPzs7tBOf5yYkvkCgYAmqT/MlaDm24GXLWqR0PdL\nhGCa1gY0l4O9bne/OFuILm68Nkcbb4tINc6tLwdVlnSCituyW1Hx/1/2oegAFvVN\nZ7QOLTzvy/e3nttksKZ6S99zHf4uvoKaCqAyEyVgT8ekUphRIG1MPESuycB6s7m7\nJt3PiV+Au712i4m2hLeXJQKBgQCGwo6D06QDwNVghgQFR4jacQbRXFI07jp4rWvJ\nwNoNcEtygeLWMaWYJvbDoqLHZxtc/XpRzyu3vS366tK4XnzsNVkrsogJjnDHCEos\nNLo+AJSQcQ5/NU2ywGO7hIkt1ZC7hWXLp1s6uduzR0zFBrRcl4VLOg5PsFVmEaZ/\nwMmj4QKBgF1XvdmtbVWPdVRGv4Gc/ceSeOIxL7xVo8EU7LamKE8vvv6HJoDWetNm\noUK7/RPJHUu9XZnwqZXaBMRvMagspgn14wpiINe1bg0+Cezjq7pr10Ouwiha+Ef/\ngI8ToKMQ66NWpXxe/5uKRg8yACK4hREQ7Kysasj/7cLa/OHJ7opX\n-----END RSA PRIVATE KEY-----",
            "timeouts": null
          },
          "sensitive_attributes": [],
          "private": "eyJlMmJmYjczMC1lY2FhLTExZTYtOGY4OC0zNDM2M2JjN2M0YzAiOnsiY3JlYXRlIjozMDAwMDAwMDAwMDAsImRlbGV0ZSI6MzAwMDAwMDAwMDAwfX0="
        }
      ]
    },
    {
      "module": "module.vpc",
      "mode": "managed",
      "type": "ncloud_network_acl",
      "name": "lg_nacl",
      "provider": "provider[\"registry.terraform.io/navercloudplatform/ncloud\"]",
      "instances": [
        {
          "schema_version": 0,
          "attributes": {
            "description": "lg_vpc's network acl",
            "id": "24497",
            "is_default": false,
            "name": "stg-vpc-web-nacl",
            "network_acl_no": "24497",
            "vpc_no": "16818"
          },
          "sensitive_attributes": [],
          "private": "bnVsbA==",
          "dependencies": [
            "module.vpc.ncloud_vpc.lg_vpc"
          ]
        }
      ]
    },
    {
      "module": "module.vpc",
      "mode": "managed",
      "type": "ncloud_network_acl_rule",
      "name": "lg_nacl_rule",
      "provider": "provider[\"registry.terraform.io/navercloudplatform/ncloud\"]",
      "instances": [
        {
          "schema_version": 0,
          "attributes": {
            "id": "24497",
            "inbound": [
              {
                "description": "",
                "ip_block": "0.0.0.0/0",
                "port_range": "",
                "priority": 0,
                "protocol": "ICMP",
                "rule_action": "ALLOW"
              },
              {
                "description": "",
                "ip_block": "0.0.0.0/0",
                "port_range": "22",
                "priority": 197,
                "protocol": "TCP",
                "rule_action": "DROP"
              },
              {
                "description": "",
                "ip_block": "0.0.0.0/0",
                "port_range": "80",
                "priority": 1,
                "protocol": "TCP",
                "rule_action": "ALLOW"
              },
              {
                "description": "",
                "ip_block": "27.122.140.10/32",
                "port_range": "22",
                "priority": 2,
                "protocol": "TCP",
                "rule_action": "ALLOW"
              }
            ],
            "network_acl_no": "24497",
            "outbound": [
              {
                "description": "",
                "ip_block": "0.0.0.0/0",
                "port_range": "",
                "priority": 2,
                "protocol": "ICMP",
                "rule_action": "ALLOW"
              },
              {
                "description": "",
                "ip_block": "0.0.0.0/0",
                "port_range": "1-65535",
                "priority": 0,
                "protocol": "TCP",
                "rule_action": "ALLOW"
              },
              {
                "description": "",
                "ip_block": "0.0.0.0/0",
                "port_range": "1-65535",
                "priority": 1,
                "protocol": "UDP",
                "rule_action": "ALLOW"
              }
            ]
          },
          "sensitive_attributes": [],
          "private": "bnVsbA==",
          "dependencies": [
            "module.vpc.ncloud_network_acl.lg_nacl",
            "module.vpc.ncloud_vpc.lg_vpc"
          ]
        }
      ]
    },
    {
      "module": "module.vpc",
      "mode": "managed",
      "type": "ncloud_subnet",
      "name": "lb_private_subnet1",
      "provider": "provider[\"registry.terraform.io/navercloudplatform/ncloud\"]",
      "instances": [
        {
          "schema_version": 0,
          "attributes": {
            "id": "33826",
            "name": "stg-vpc-lb-sub1",
            "network_acl_no": "24497",
            "subnet": "10.0.4.0/24",
            "subnet_no": "33826",
            "subnet_type": "PRIVATE",
            "usage_type": "LOADB",
            "vpc_no": "16818",
            "zone": "KR-1"
          },
          "sensitive_attributes": [],
          "private": "bnVsbA==",
          "dependencies": [
            "module.vpc.ncloud_network_acl.lg_nacl",
            "module.vpc.ncloud_vpc.lg_vpc"
          ]
        }
      ]
    },
    {
      "module": "module.vpc",
      "mode": "managed",
      "type": "ncloud_subnet",
      "name": "lb_private_subnet2",
      "provider": "provider[\"registry.terraform.io/navercloudplatform/ncloud\"]",
      "instances": [
        {
          "schema_version": 0,
          "attributes": {
            "id": "33825",
            "name": "stg-vpc-lb-sub2",
            "network_acl_no": "24497",
            "subnet": "10.0.5.0/24",
            "subnet_no": "33825",
            "subnet_type": "PRIVATE",
            "usage_type": "LOADB",
            "vpc_no": "16818",
            "zone": "KR-2"
          },
          "sensitive_attributes": [],
          "private": "bnVsbA==",
          "dependencies": [
            "module.vpc.ncloud_network_acl.lg_nacl",
            "module.vpc.ncloud_vpc.lg_vpc"
          ]
        }
      ]
    },
    {
      "module": "module.vpc",
      "mode": "managed",
      "type": "ncloud_subnet",
      "name": "lg_public_subnet",
      "provider": "provider[\"registry.terraform.io/navercloudplatform/ncloud\"]",
      "instances": [
        {
          "schema_version": 0,
          "attributes": {
            "id": "33824",
            "name": "stg-vpc-web-sub",
            "network_acl_no": "24497",
            "subnet": "10.0.1.0/24",
            "subnet_no": "33824",
            "subnet_type": "PUBLIC",
            "usage_type": "GEN",
            "vpc_no": "16818",
            "zone": "KR-2"
          },
          "sensitive_attributes": [],
          "private": "bnVsbA==",
          "dependencies": [
            "module.vpc.ncloud_network_acl.lg_nacl",
            "module.vpc.ncloud_vpc.lg_vpc"
          ]
        }
      ]
    },
    {
      "module": "module.vpc",
      "mode": "managed",
      "type": "ncloud_vpc",
      "name": "lg_vpc",
      "provider": "provider[\"registry.terraform.io/navercloudplatform/ncloud\"]",
      "instances": [
        {
          "schema_version": 0,
          "attributes": {
            "default_access_control_group_no": "35963",
            "default_network_acl_no": "24496",
            "default_private_route_table_no": "32955",
            "default_public_route_table_no": "32954",
            "id": "16818",
            "ipv4_cidr_block": "10.0.0.0/16",
            "name": "stg-vpc",
            "vpc_no": "16818"
          },
          "sensitive_attributes": [],
          "private": "bnVsbA=="
        }
      ]
    }
  ]
}
